
Microsoft Visual Studio Solution File, Format Version 12.00
# Visual Studio for Mac
Project("{FAE04EC0-301F-11D3-BF4B-00C04F79EFBC}") = "Assembly-CSharp", "Assembly-CSharp.csproj", "{DA070CD8-BDE1-69DF-D770-51D7481B3EAF}"
EndProject
Global
	GlobalSection(SolutionConfigurationPlatforms) = preSolution
		Debug|Any CPU = Debug|Any CPU
		Release|Any CPU = Release|Any CPU
	EndGlobalSection
	GlobalSection(ProjectConfigurationPlatforms) = postSolution
		{DA070CD8-BDE1-69DF-D770-51D7481B3EAF}.Debug|Any CPU.ActiveCfg = Debug|Any CPU
		{DA070CD8-BDE1-69DF-D770-51D7481B3EAF}.Debug|Any CPU.Build.0 = Debug|Any CPU
		{DA070CD8-BDE1-69DF-D770-51D7481B3EAF}.Release|Any CPU.ActiveCfg = Release|Any CPU
		{DA070CD8-BDE1-69DF-D770-51D7481B3EAF}.Release|Any CPU.Build.0 = Release|Any CPU
	EndGlobalSection
	GlobalSection(SolutionProperties) = preSolution
		HideSolutionNode = FALSE
	EndGlobalSection
EndGlobal
